
Microsoft Visual Studio Solution File, Format Version 12.00
# Visual Studio 15
VisualStudioVersion = 15.0.28307.1622
MinimumVisualStudioVersion = 10.0.40219.1
Project("{FAE04EC0-301F-11D3-BF4B-00C04F79EFBC}") = "VeriSpending1", "VeriSpending1\VeriSpending1.csproj", "{18F5E140-0ED2-428C-A7C7-AE6B3E356F5B}"
EndProject
Global
	GlobalSection(SolutionConfigurationPlatforms) = preSolution
		Debug|Any CPU = Debug|Any CPU
		Release|Any CPU = Release|Any CPU
	EndGlobalSection
	GlobalSection(ProjectConfigurationPlatforms) = postSolution
		{18F5E140-0ED2-428C-A7C7-AE6B3E356F5B}.Debug|Any CPU.ActiveCfg = Debug|Any CPU
		{18F5E140-0ED2-428C-A7C7-AE6B3E356F5B}.Debug|Any CPU.Build.0 = Debug|Any CPU
		{18F5E140-0ED2-428C-A7C7-AE6B3E356F5B}.Release|Any CPU.ActiveCfg = Release|Any CPU
		{18F5E140-0ED2-428C-A7C7-AE6B3E356F5B}.Release|Any CPU.Build.0 = Release|Any CPU
	EndGlobalSection
	GlobalSection(SolutionProperties) = preSolution
		HideSolutionNode = FALSE
	EndGlobalSection
	GlobalSection(ExtensibilityGlobals) = postSolution
		SolutionGuid = {DA178322-F0A8-45D9-A950-7B0494C6A86E}
	EndGlobalSection
EndGlobal
